{
  "name": "openai-chatgpt-api",
  "version": "1.1.1",
  "lockfileVersion": 1,
  "requires": true,
  "dependencies": {
    "node-fetch": {
      "version": "2.6.1",
      "resolved": "https://registry.npmjs.org/node-fetch/-/node-fetch-2.6.1.tgz",
      "integrity": "sha512-V4aYg89jEoVRxRb2fJdAg8FHvI7cEyYdVAh94HH0UIK8oJxUfkjlDQN9RbMx+bEjP7+ggMiFRprSti032Oipxw=="
    },
    "prettier": {
      "version": "3.0.0",
      "resolved": "https://registry.npmjs.org/prettier/-/prettier-3.0.0.tgz",
      "integrity": "sha512-zBf5eHpwHOGPC47h0zrPyNn+eAEIdEzfywMoYn2XPi0P44Zp0tSq64rq0xAREh4auw2cJZHo9QUob+NqCQky4g==",
      "dev": true
    },
    "typescript": {
      "version": "4.9.5",
      "resolved": "https://registry.npmjs.org/typescript/-/typescript-4.9.5.tgz",
      "integrity": "sha512-1FXk9E2Hm+QzZQ7z+McJiHL4NW1F2EzMu9Nq9i3zAaGqibafqYwCVU6WyWAuyQRRzOlxou8xZSyXLEN8oKj24g==",
      "dev": true
    }
  }
}
